Microsoft Visual Studio Solution File, Format Version 12.00
# Visual Studio Version 17
VisualStudioVersion = 17.5.2.0
MinimumVisualStudioVersion = 10.0.40219.1
Project("{2150E333-8FDC-42A3-9474-1A3956D46DE8}") = "lib", "lib", "{3A8DF596-E814-FECC-DD4B-D8EF8AAC1A0D}"
EndProject
Project("{2150E333-8FDC-42A3-9474-1A3956D46DE8}") = "tests", "tests", "{0AB3BF05-4346-4AA6-1389-037BE0695223}"
EndProject
Project("{FAE04EC0-301F-11D3-BF4B-00C04F79EFBC}") = "AstreaEngine", "lib\AstreaEngine.csproj", "{C7765232-7C0B-8CBA-FCF3-48D11F8D620D}"
EndProject
Project("{FAE04EC0-301F-11D3-BF4B-00C04F79EFBC}") = "AstreaEngineTests", "tests\AstreaEngineTests.csproj", "{F9EA9557-D267-CF30-A2E6-4D9564719E4D}"
EndProject
Global
	GlobalSection(SolutionConfigurationPlatforms) = preSolution
		Debug|Any CPU = Debug|Any CPU
		Release|Any CPU = Release|Any CPU
	EndGlobalSection
	GlobalSection(ProjectConfigurationPlatforms) = postSolution
		{C7765232-7C0B-8CBA-FCF3-48D11F8D620D}.Debug|Any CPU.ActiveCfg = Debug|Any CPU
		{C7765232-7C0B-8CBA-FCF3-48D11F8D620D}.Debug|Any CPU.Build.0 = Debug|Any CPU
		{C7765232-7C0B-8CBA-FCF3-48D11F8D620D}.Release|Any CPU.ActiveCfg = Release|Any CPU
		{C7765232-7C0B-8CBA-FCF3-48D11F8D620D}.Release|Any CPU.Build.0 = Release|Any CPU
		{F9EA9557-D267-CF30-A2E6-4D9564719E4D}.Debug|Any CPU.ActiveCfg = Debug|Any CPU
		{F9EA9557-D267-CF30-A2E6-4D9564719E4D}.Debug|Any CPU.Build.0 = Debug|Any CPU
		{F9EA9557-D267-CF30-A2E6-4D9564719E4D}.Release|Any CPU.ActiveCfg = Release|Any CPU
		{F9EA9557-D267-CF30-A2E6-4D9564719E4D}.Release|Any CPU.Build.0 = Release|Any CPU
	EndGlobalSection
	GlobalSection(SolutionProperties) = preSolution
		HideSolutionNode = FALSE
	EndGlobalSection
	GlobalSection(NestedProjects) = preSolution
		{C7765232-7C0B-8CBA-FCF3-48D11F8D620D} = {3A8DF596-E814-FECC-DD4B-D8EF8AAC1A0D}
		{F9EA9557-D267-CF30-A2E6-4D9564719E4D} = {0AB3BF05-4346-4AA6-1389-037BE0695223}
	EndGlobalSection
	GlobalSection(ExtensibilityGlobals) = postSolution
		SolutionGuid = {808E0DB7-0B13-45D2-859A-4E6326FAFEB4}
	EndGlobalSection
EndGlobal
